{
  "name": "home-ops-finance",
  "version": "0.1.0",
  "lockfileVersion": 3,
  "requires": true,
  "packages": {
    "": {
      "name": "home-ops-finance",
      "version": "0.1.0",
      "dependencies": {
        "@home-ops/framework": "file:../../../home-ops-framework",
        "@ui5/webcomponents": "^2.23.1",
        "@ui5/webcomponents-fiori": "^2.23.1"
      },
      "devDependencies": {
        "@types/node": "^24.6.0",
        "typescript": "^5.9.2"
      }
    },
    "../../../home-ops-framework": {
      "name": "@home-ops/framework",
      "version": "0.1.0",
      "devDependencies": {
        "@types/node": "^24.6.0",
        "typescript": "^5.9.2"
      }
    },
    "node_modules/@home-ops/framework": {
      "resolved": "../../../home-ops-framework",
      "link": true
    },
    "node_modules/@lit-labs/ssr-dom-shim": {
      "version": "1.6.0",
      "resolved": "https://registry.npmjs.org/@lit-labs/ssr-dom-shim/-/ssr-dom-shim-1.6.0.tgz",
      "integrity": "sha512-VHb0ALPMTlgKjM6yIxxoQNnpKyUKLD04VzeQdsiXkMqkvYlAHxq9glGLmgbb889/1GsohSOAjvQYoiBppXFqrQ==",
      "license": "BSD-3-Clause"
    },
    "node_modules/@sap-theming/theming-base-content": {
      "version": "11.36.3",
      "resolved": "https://registry.npmjs.org/@sap-theming/theming-base-content/-/theming-base-content-11.36.3.tgz",
      "integrity": "sha512-WmvioPrS64O76h4tvie2/qxK0ttiWlaYmsZd9cP+rkDqMKHnVkn3H+AUhu9R1BJIVLvLGubSFhbYbtB8C6YVvw==",
      "license": "Apache-2.0"
    },
    "node_modules/@types/jquery": {
      "version": "3.5.34",
      "resolved": "https://registry.npmjs.org/@types/jquery/-/jquery-3.5.34.tgz",
      "integrity": "sha512-3m3939S3erqmTLJANS/uy0B6V7BorKx7RorcGZVjZ62dF5PAGbKEDZK1CuLtKombJkFA2T1jl8LAIIs7IV6gBQ==",
      "license": "MIT",
      "dependencies": {
        "@types/sizzle": "*"
      }
    },
    "node_modules/@types/node": {
      "version": "24.12.0",
      "resolved": "https://registry.npmjs.org/@types/node/-/node-24.12.0.tgz",
      "integrity": "sha512-GYDxsZi3ChgmckRT9HPU0WEhKLP08ev/Yfcq2AstjrDASOYCSXeyjDsHg4v5t4jOj7cyDX3vmprafKlWIG9MXQ==",
      "dev": true,
      "license": "MIT",
      "dependencies": {
        "undici-types": "~7.16.0"
      }
    },
    "node_modules/@types/openui5": {
      "version": "1.149.0",
      "resolved": "https://registry.npmjs.org/@types/openui5/-/openui5-1.149.0.tgz",
      "integrity": "sha512-x7ylZEVwCXi/zvvHINMqzvmoF26O8DT2dvMcSyd2qXmfRyMPhT523mEOl5kWUl9S3S7DFEzs2/NtYJGejvBrmg==",
      "license": "MIT",
      "dependencies": {
        "@types/jquery": "~3.5.13",
        "@types/qunit": "^2.5.4"
      }
    },
    "node_modules/@types/qunit": {
      "version": "2.19.14",
      "resolved": "https://registry.npmjs.org/@types/qunit/-/qunit-2.19.14.tgz",
      "integrity": "sha512-ou2RMtwyDnW1btrMnDMZeL6V5/yRRbuHKrRC6y8IuzDljjVzw6wPCVFb8p4qJD0NkUkf3BdZeJJIBzjK1BUUDQ==",
      "license": "MIT"
    },
    "node_modules/@types/sizzle": {
      "version": "2.3.10",
      "resolved": "https://registry.npmjs.org/@types/sizzle/-/sizzle-2.3.10.tgz",
      "integrity": "sha512-TC0dmN0K8YcWEAEfiPi5gJP14eJe30TTGjkvek3iM/1NdHHsdCA/Td6GvNndMOo/iSnIsZ4HuuhrYPDAmbxzww==",
      "license": "MIT"
    },
    "node_modules/@types/trusted-types": {
      "version": "2.0.7",
      "resolved": "https://registry.npmjs.org/@types/trusted-types/-/trusted-types-2.0.7.tgz",
      "integrity": "sha512-ScaPdn1dQczgbl0QFTeTOmVHFULt394XJgOQNoyVhZ6r2vLnMLJfBPd53SB52T/3G36VI1/g2MZaX0cwDuXsfw==",
      "license": "MIT"
    },
    "node_modules/@ui5/webcomponents": {
      "version": "2.23.1",
      "resolved": "https://registry.npmjs.org/@ui5/webcomponents/-/webcomponents-2.23.1.tgz",
      "integrity": "sha512-3dupVM3MzpBv87YmoElpfL+1Kd776aHNucQqj1X25590E6AFJVyYdVt7vQ/rSSmPC4OZvlo7YkfZrCFo64BLxw==",
      "license": "Apache-2.0",
      "dependencies": {
        "@ui5/webcomponents-base": "2.23.1",
        "@ui5/webcomponents-icons": "2.23.1",
        "@ui5/webcomponents-icons-business-suite": "2.23.1",
        "@ui5/webcomponents-icons-tnt": "2.23.1",
        "@ui5/webcomponents-localization": "2.23.1",
        "@ui5/webcomponents-theming": "2.23.1"
      }
    },
    "node_modules/@ui5/webcomponents-base": {
      "version": "2.23.1",
      "resolved": "https://registry.npmjs.org/@ui5/webcomponents-base/-/webcomponents-base-2.23.1.tgz",
      "integrity": "sha512-1JWK3skuUOLV8x/O+IuG4wFO/0B/QIwk8guBdntnUSlWzBEiV+xjd49fQEl9ImmDET/QDzRucz6b9ZntMQooZA==",
      "license": "Apache-2.0",
      "dependencies": {
        "@lit-labs/ssr-dom-shim": "^1.1.2",
        "lit-html": "^2.0.1"
      },
      "peerDependencies": {
        "react": ">=18"
      },
      "peerDependenciesMeta": {
        "react": {
          "optional": true
        }
      }
    },
    "node_modules/@ui5/webcomponents-fiori": {
      "version": "2.23.1",
      "resolved": "https://registry.npmjs.org/@ui5/webcomponents-fiori/-/webcomponents-fiori-2.23.1.tgz",
      "integrity": "sha512-7PfBRvMi9xb/4KG/pVq8fVqci2cdxZs+NR1HjQTSHr9wIef1c7nH/ANIT3FlnLqxp4r9w1cH2QEsBizLyyvpGQ==",
      "license": "Apache-2.0",
      "dependencies": {
        "@ui5/webcomponents": "2.23.1",
        "@ui5/webcomponents-base": "2.23.1",
        "@ui5/webcomponents-icons": "2.23.1",
        "@ui5/webcomponents-theming": "2.23.1",
        "@zxing/library": "^0.21.3"
      }
    },
    "node_modules/@ui5/webcomponents-icons": {
      "version": "2.23.1",
      "resolved": "https://registry.npmjs.org/@ui5/webcomponents-icons/-/webcomponents-icons-2.23.1.tgz",
      "integrity": "sha512-10CE07FRCVBCg8btFIJIM1KZ8hRtwBFPiNOwSrsFC/heqd/CRxf+cxe+i7E+d2uXcVyWeZvYFGzcYA4waTtGVQ==",
      "license": "Apache-2.0",
      "dependencies": {
        "@ui5/webcomponents-base": "2.23.1"
      }
    },
    "node_modules/@ui5/webcomponents-icons-business-suite": {
      "version": "2.23.1",
      "resolved": "https://registry.npmjs.org/@ui5/webcomponents-icons-business-suite/-/webcomponents-icons-business-suite-2.23.1.tgz",
      "integrity": "sha512-RV8MzC+TIoWXkZrFS10Y/mAzgY9o+4D5e/o1ssHYeuSAkBGthm6eVKNiHTsEY3JkJRaMBNtuJbmQnXqYepdSSw==",
      "license": "Apache-2.0",
      "dependencies": {
        "@ui5/webcomponents-base": "2.23.1"
      }
    },
    "node_modules/@ui5/webcomponents-icons-tnt": {
      "version": "2.23.1",
      "resolved": "https://registry.npmjs.org/@ui5/webcomponents-icons-tnt/-/webcomponents-icons-tnt-2.23.1.tgz",
      "integrity": "sha512-ta9cBvgT7j1AuYY3UvhLjlOxHPn+HoKoelF3wRFh11dI9ubJe5yyywTw9yNJpOl/VPlwwiCyBPMeROFd8p5xcA==",
      "license": "Apache-2.0",
      "dependencies": {
        "@ui5/webcomponents-base": "2.23.1"
      }
    },
    "node_modules/@ui5/webcomponents-localization": {
      "version": "2.23.1",
      "resolved": "https://registry.npmjs.org/@ui5/webcomponents-localization/-/webcomponents-localization-2.23.1.tgz",
      "integrity": "sha512-5R826BJIsRkFwyV665DIdNmOqUCYlppWFzzDxWWt+V58OkPu+mSN/KlBQvzfpTQru3usVpC8rN0xKv3qcgCKWQ==",
      "license": "Apache-2.0",
      "dependencies": {
        "@types/openui5": "^1.146.0",
        "@ui5/webcomponents-base": "2.23.1"
      }
    },
    "node_modules/@ui5/webcomponents-theming": {
      "version": "2.23.1",
      "resolved": "https://registry.npmjs.org/@ui5/webcomponents-theming/-/webcomponents-theming-2.23.1.tgz",
      "integrity": "sha512-/QMDVRMgHzxE7+38cptMnL8gdG6fttBHUZP4YVXF0zwe62pUqv/JgedLWDYqweylNdbMneTKA6/hWTMo5r8UPA==",
      "license": "Apache-2.0",
      "dependencies": {
        "@sap-theming/theming-base-content": "11.36.3",
        "@ui5/webcomponents-base": "2.23.1"
      }
    },
    "node_modules/@zxing/library": {
      "version": "0.21.3",
      "resolved": "https://registry.npmjs.org/@zxing/library/-/library-0.21.3.tgz",
      "integrity": "sha512-hZHqFe2JyH/ZxviJZosZjV+2s6EDSY0O24R+FQmlWZBZXP9IqMo7S3nb3+2LBWxodJQkSurdQGnqE7KXqrYgow==",
      "license": "MIT",
      "dependencies": {
        "ts-custom-error": "^3.2.1"
      },
      "engines": {
        "node": ">= 10.4.0"
      },
      "optionalDependencies": {
        "@zxing/text-encoding": "~0.9.0"
      }
    },
    "node_modules/@zxing/text-encoding": {
      "version": "0.9.0",
      "resolved": "https://registry.npmjs.org/@zxing/text-encoding/-/text-encoding-0.9.0.tgz",
      "integrity": "sha512-U/4aVJ2mxI0aDNI8Uq0wEhMgY+u4CNtEb0om3+y3+niDAsoTCOB33UF0sxpzqzdqXLqmvc+vZyAt4O8pPdfkwA==",
      "license": "(Unlicense OR Apache-2.0)",
      "optional": true
    },
    "node_modules/lit-html": {
      "version": "2.8.0",
      "resolved": "https://registry.npmjs.org/lit-html/-/lit-html-2.8.0.tgz",
      "integrity": "sha512-o9t+MQM3P4y7M7yNzqAyjp7z+mQGa4NS4CxiyLqFPyFWyc4O+nodLrkrxSaCTrla6M5YOLaT3RpbbqjszB5g3Q==",
      "license": "BSD-3-Clause",
      "dependencies": {
        "@types/trusted-types": "^2.0.2"
      }
    },
    "node_modules/ts-custom-error": {
      "version": "3.3.1",
      "resolved": "https://registry.npmjs.org/ts-custom-error/-/ts-custom-error-3.3.1.tgz",
      "integrity": "sha512-5OX1tzOjxWEgsr/YEUWSuPrQ00deKLh6D7OTWcvNHm12/7QPyRh8SYpyWvA4IZv8H/+GQWQEh/kwo95Q9OVW1A==",
      "license": "MIT",
      "engines": {
        "node": ">=14.0.0"
      }
    },
    "node_modules/typescript": {
      "version": "5.9.3",
      "resolved": "https://registry.npmjs.org/typescript/-/typescript-5.9.3.tgz",
      "integrity": "sha512-jl1vZzPDinLr9eUt3J/t7V6FgNEw9QjvBPdysz9KfQDD41fQrC2Y4vKQdiaUpFT4bXlb1RHhLpp8wtm6M5TgSw==",
      "dev": true,
      "license": "Apache-2.0",
      "bin": {
        "tsc": "bin/tsc",
        "tsserver": "bin/tsserver"
      },
      "engines": {
        "node": ">=14.17"
      }
    },
    "node_modules/undici-types": {
      "version": "7.16.0",
      "resolved": "https://registry.npmjs.org/undici-types/-/undici-types-7.16.0.tgz",
      "integrity": "sha512-Zz+aZWSj8LE6zoxD+xrjh4VfkIG8Ya6LvYkZqtUQGJPZjYl53ypCaUwWqo7eI0x66KBGeRo+mlBEkMSeSZ38Nw==",
      "dev": true,
      "license": "MIT"
    }
  }
}
